
Microsoft Visual Studio Solution File, Format Version 12.00
# Visual Studio Version 16
VisualStudioVersion = 16.0.31624.102
MinimumVisualStudioVersion = 10.0.40219.1
Project("{FAE04EC0-301F-11D3-BF4B-00C04F79EFBC}") = "KIOSKPROJECT", "KIOSKPROJECT\KIOSKPROJECT.csproj", "{6CC522A5-FCF9-473B-83C0-9E8D524FB921}"
EndProject
Global
	GlobalSection(SolutionConfigurationPlatforms) = preSolution
		Debug|Any CPU = Debug|Any CPU
		Release|Any CPU = Release|Any CPU
	EndGlobalSection
	GlobalSection(ProjectConfigurationPlatforms) = postSolution
		{6CC522A5-FCF9-473B-83C0-9E8D524FB921}.Debug|Any CPU.ActiveCfg = Debug|Any CPU
		{6CC522A5-FCF9-473B-83C0-9E8D524FB921}.Debug|Any CPU.Build.0 = Debug|Any CPU
		{6CC522A5-FCF9-473B-83C0-9E8D524FB921}.Release|Any CPU.ActiveCfg = Release|Any CPU
		{6CC522A5-FCF9-473B-83C0-9E8D524FB921}.Release|Any CPU.Build.0 = Release|Any CPU
	EndGlobalSection
	GlobalSection(SolutionProperties) = preSolution
		HideSolutionNode = FALSE
	EndGlobalSection
	GlobalSection(ExtensibilityGlobals) = postSolution
		SolutionGuid = {C49A3721-5AA5-4D82-A23D-160D95B7A67E}
	EndGlobalSection
EndGlobal
